
Microsoft Visual Studio Solution File, Format Version 12.00
# Visual Studio 15
VisualStudioVersion = 15.0.27130.2024
MinimumVisualStudioVersion = 10.0.40219.1
Project("{FAE04EC0-301F-11D3-BF4B-00C04F79EFBC}") = "WpfVk", "..\WpfVk\WpfVk.csproj", "{894AE090-A7E4-472A-9C38-2656FE7AB112}"
EndProject
Project("{FAE04EC0-301F-11D3-BF4B-00C04F79EFBC}") = "ContractInterfaces", "..\ContractInterfaces\ContractInterfaces.csproj", "{F786D996-5C10-4DFD-B50B-385D4973DB82}"
EndProject
Global
	GlobalSection(SolutionConfigurationPlatforms) = preSolution
		Debug|Any CPU = Debug|Any CPU
		Release|Any CPU = Release|Any CPU
	EndGlobalSection
	GlobalSection(ProjectConfigurationPlatforms) = postSolution
		{894AE090-A7E4-472A-9C38-2656FE7AB112}.Debug|Any CPU.ActiveCfg = Debug|Any CPU
		{894AE090-A7E4-472A-9C38-2656FE7AB112}.Debug|Any CPU.Build.0 = Debug|Any CPU
		{894AE090-A7E4-472A-9C38-2656FE7AB112}.Release|Any CPU.ActiveCfg = Release|Any CPU
		{894AE090-A7E4-472A-9C38-2656FE7AB112}.Release|Any CPU.Build.0 = Release|Any CPU
		{F786D996-5C10-4DFD-B50B-385D4973DB82}.Debug|Any CPU.ActiveCfg = Debug|Any CPU
		{F786D996-5C10-4DFD-B50B-385D4973DB82}.Debug|Any CPU.Build.0 = Debug|Any CPU
		{F786D996-5C10-4DFD-B50B-385D4973DB82}.Release|Any CPU.ActiveCfg = Release|Any CPU
		{F786D996-5C10-4DFD-B50B-385D4973DB82}.Release|Any CPU.Build.0 = Release|Any CPU
	EndGlobalSection
	GlobalSection(SolutionProperties) = preSolution
		HideSolutionNode = FALSE
	EndGlobalSection
	GlobalSection(ExtensibilityGlobals) = postSolution
		SolutionGuid = {D338419C-7AFA-4D74-84F1-2769E9A4A2B7}
	EndGlobalSection
EndGlobal
